
Microsoft Visual Studio Solution File, Format Version 12.00
# Visual Studio Version 17
VisualStudioVersion = 17.9.34622.214
MinimumVisualStudioVersion = 10.0.40219.1
Project("{FAE04EC0-301F-11D3-BF4B-00C04F79EFBC}") = "Translator", "Translator.csproj", "{B173C521-0EF9-42D4-817A-EFE890F05E79}"
EndProject
Global
	GlobalSection(SolutionConfigurationPlatforms) = preSolution
		Debug|Any CPU = Debug|Any CPU
		Release|Any CPU = Release|Any CPU
	EndGlobalSection
	GlobalSection(ProjectConfigurationPlatforms) = postSolution
		{B173C521-0EF9-42D4-817A-EFE890F05E79}.Debug|Any CPU.ActiveCfg = Debug|Any CPU
		{B173C521-0EF9-42D4-817A-EFE890F05E79}.Debug|Any CPU.Build.0 = Debug|Any CPU
		{B173C521-0EF9-42D4-817A-EFE890F05E79}.Release|Any CPU.ActiveCfg = Release|Any CPU
		{B173C521-0EF9-42D4-817A-EFE890F05E79}.Release|Any CPU.Build.0 = Release|Any CPU
	EndGlobalSection
	GlobalSection(SolutionProperties) = preSolution
		HideSolutionNode = FALSE
	EndGlobalSection
	GlobalSection(ExtensibilityGlobals) = postSolution
		SolutionGuid = {4550C14E-6085-49EE-9A5E-E017A6CAA92D}
	EndGlobalSection
EndGlobal
